PODS:
  - SnapKit (5.0.1)
  - SwiftPromises (2.0.1)

DEPENDENCIES:
  - SnapKit (~> 5.0.1)
  - SwiftPromises

SPEC REPOS:
  trunk:
    - SnapKit
    - SwiftPromises

SPEC CHECKSUMS:
  SnapKit: 97b92857e3df3a0c71833cce143274bf6ef8e5eb
  SwiftPromises: 3aa93bea7504d31e63140a6601a5d505244a8cbc

PODFILE CHECKSUM: e92b099a8a72ff2c1d6f105b542c56704f447e07

COCOAPODS: 1.11.2
